<?xml version="1.0" encoding="UTF-8"?>
<!DOCTYPE plist PUBLIC "-//Apple//DTD PLIST 1.0//EN" "http://www.apple.com/DTDs/PropertyList-1.0.dtd">
<plist version="1.0">
<dict>
	<key>archiveVersion</key>
	<string>1</string>
	<key>classes</key>
	<dict/>
	<key>objectVersion</key>
	<string>46</string>
	<key>objects</key>
	<dict>
		<key>1EC59684178943DB00391EE4</key>
		<dict>
			<key>children</key>
			<array>
				<string>1EC59696178943DB00391EE4</string>
				<string>1EC596C5178943DB00391EE4</string>
				<string>1EC5968F178943DB00391EE4</string>
				<string>1EC5968E178943DB00391EE4</string>
				<string>2B8D1BC33BCF4013A8410915</string>
			</array>
			<key>isa</key>
			<string>PBXGroup</string>
			<key>sourceTree</key>
			<string>&lt;group&gt;</string>
		</dict>
		<key>1EC59685178943DB00391EE4</key>
		<dict>
			<key>attributes</key>
			<dict>
				<key>CLASSPREFIX</key>
				<string>DG</string>
				<key>LastUpgradeCheck</key>
				<string>0460</string>
				<key>ORGANIZATIONNAME</key>
				<string>DailyGem</string>
			</dict>
			<key>buildConfigurationList</key>
			<string>1EC59688178943DB00391EE4</string>
			<key>compatibilityVersion</key>
			<string>Xcode 3.2</string>
			<key>developmentRegion</key>
			<string>English</string>
			<key>hasScannedForEncodings</key>
			<string>0</string>
			<key>isa</key>
			<string>PBXProject</string>
			<key>knownRegions</key>
			<array>
				<string>en</string>
			</array>
			<key>mainGroup</key>
			<string>1EC59684178943DB00391EE4</string>
			<key>productRefGroup</key>
			<string>1EC5968E178943DB00391EE4</string>
			<key>projectDirPath</key>
			<string></string>
			<key>projectReferences</key>
			<array/>
			<key>projectRoot</key>
			<string></string>
			<key>targets</key>
			<array>
				<string>1EC5968C178943DB00391EE4</string>
				<string>1EC596BD178943DB00391EE4</string>
			</array>
		</dict>
		<key>1EC59688178943DB00391EE4</key>
		<dict>
			<key>buildConfigurations</key>
			<array>
				<string>1EC596CE178943DB00391EE4</string>
				<string>1EC596CF178943DB00391EE4</string>
			</array>
			<key>defaultConfigurationIsVisible</key>
			<string>0</string>
			<key>defaultConfigurationName</key>
			<string>Release</string>
			<key>isa</key>
			<string>XCConfigurationList</string>
		</dict>
		<key>1EC59689178943DB00391EE4</key>
		<dict>
			<key>buildActionMask</key>
			<string>2147483647</string>
			<key>files</key>
			<array>
				<string>1EC5969D178943DB00391EE4</string>
				<string>1EC596A1178943DB00391EE4</string>
				<string>1EC596AD178943DB00391EE4</string>
				<string>1EC596B4178943DB00391EE4</string>
			</array>
			<key>isa</key>
			<string>PBXSourcesBuildPhase</string>
			<key>runOnlyForDeploymentPostprocessing</key>
			<string>0</string>
		</dict>
		<key>1EC5968A178943DB00391EE4</key>
		<dict>
			<key>buildActionMask</key>
			<string>2147483647</string>
			<key>files</key>
			<array>
				<string>1EC59691178943DB00391EE4</string>
				<string>1EC59693178943DB00391EE4</string>
				<string>1EC59695178943DB00391EE4</string>
				<string>85249FA1C7414FE8B399AB1C</string>
			</array>
			<key>isa</key>
			<string>PBXFrameworksBuildPhase</string>
			<key>runOnlyForDeploymentPostprocessing</key>
			<string>0</string>
		</dict>
		<key>1EC5968B178943DB00391EE4</key>
		<dict>
			<key>buildActionMask</key>
			<string>2147483647</string>
			<key>files</key>
			<array>
				<string>1EC5969B178943DB00391EE4</string>
				<string>1EC596A3178943DB00391EE4</string>
				<string>1EC596A5178943DB00391EE4</string>
				<string>1EC596A7178943DB00391EE4</string>
				<string>1EC596AA178943DB00391EE4</string>
				<string>1EC596AF178943DB00391EE4</string>
				<string>1EC596B1178943DB00391EE4</string>
				<string>1EC596B6178943DB00391EE4</string>
				<string>1EC596B8178943DB00391EE4</string>
			</array>
			<key>isa</key>
			<string>PBXResourcesBuildPhase</string>
			<key>runOnlyForDeploymentPostprocessing</key>
			<string>0</string>
		</dict>
		<key>1EC5968C178943DB00391EE4</key>
		<dict>
			<key>buildConfigurationList</key>
			<string>1EC596D0178943DB00391EE4</string>
			<key>buildPhases</key>
			<array>
				<string>7654A794F60C48ABBCD3588E</string>
				<string>1EC59689178943DB00391EE4</string>
				<string>1EC5968A178943DB00391EE4</string>
				<string>1EC5968B178943DB00391EE4</string>
				<string>53E72001F29543B2B10C32C5</string>
			</array>
			<key>buildRules</key>
			<array/>
			<key>dependencies</key>
			<array/>
			<key>isa</key>
			<string>PBXNativeTarget</string>
			<key>name</key>
			<string>DailyGemApp</string>
			<key>productName</key>
			<string>DailyGemApp</string>
			<key>productReference</key>
			<string>1EC5968D178943DB00391EE4</string>
			<key>productType</key>
			<string>com.apple.product-type.application</string>
		</dict>
		<key>1EC5968D178943DB00391EE4</key>
		<dict>
			<key>explicitFileType</key>
			<string>wrapper.application</string>
			<key>includeInIndex</key>
			<string>0</string>
			<key>isa</key>
			<string>PBXFileReference</string>
			<key>path</key>
			<string>DailyGemApp.app</string>
			<key>sourceTree</key>
			<string>BUILT_PRODUCTS_DIR</string>
		</dict>
		<key>1EC5968E178943DB00391EE4</key>
		<dict>
			<key>children</key>
			<array>
				<string>1EC5968D178943DB00391EE4</string>
				<string>1EC596BE178943DB00391EE4</string>
			</array>
			<key>isa</key>
			<string>PBXGroup</string>
			<key>name</key>
			<string>Products</string>
			<key>sourceTree</key>
			<string>&lt;group&gt;</string>
		</dict>
		<key>1EC5968F178943DB00391EE4</key>
		<dict>
			<key>children</key>
			<array>
				<string>1EC59690178943DB00391EE4</string>
				<string>1EC59692178943DB00391EE4</string>
				<string>1EC59694178943DB00391EE4</string>
				<string>1EC596BF178943DB00391EE4</string>
				<string>562DE6FEE4F3408888F6A56D</string>
			</array>
			<key>isa</key>
			<string>PBXGroup</string>
			<key>name</key>
			<string>Frameworks</string>
			<key>sourceTree</key>
			<string>&lt;group&gt;</string>
		</dict>
		<key>1EC59690178943DB00391EE4</key>
		<dict>
			<key>isa</key>
			<string>PBXFileReference</string>
			<key>lastKnownFileType</key>
			<string>wrapper.framework</string>
			<key>name</key>
			<string>UIKit.framework</string>
			<key>path</key>
			<string>System/Library/Frameworks/UIKit.framework</string>
			<key>sourceTree</key>
			<string>SDKROOT</string>
		</dict>
		<key>1EC59691178943DB00391EE4</key>
		<dict>
			<key>fileRef</key>
			<string>1EC59690178943DB00391EE4</string>
			<key>isa</key>
			<string>PBXBuildFile</string>
		</dict>
		<key>1EC59692178943DB00391EE4</key>
		<dict>
			<key>isa</key>
			<string>PBXFileReference</string>
			<key>lastKnownFileType</key>
			<string>wrapper.framework</string>
			<key>name</key>
			<string>Foundation.framework</string>
			<key>path</key>
			<string>System/Library/Frameworks/Foundation.framework</string>
			<key>sourceTree</key>
			<string>SDKROOT</string>
		</dict>
		<key>1EC59693178943DB00391EE4</key>
		<dict>
			<key>fileRef</key>
			<string>1EC59692178943DB00391EE4</string>
			<key>isa</key>
			<string>PBXBuildFile</string>
		</dict>
		<key>1EC59694178943DB00391EE4</key>
		<dict>
			<key>isa</key>
			<string>PBXFileReference</string>
			<key>lastKnownFileType</key>
			<string>wrapper.framework</string>
			<key>name</key>
			<string>CoreGraphics.framework</string>
			<key>path</key>
			<string>System/Library/Frameworks/CoreGraphics.framework</string>
			<key>sourceTree</key>
			<string>SDKROOT</string>
		</dict>
		<key>1EC59695178943DB00391EE4</key>
		<dict>
			<key>fileRef</key>
			<string>1EC59694178943DB00391EE4</string>
			<key>isa</key>
			<string>PBXBuildFile</string>
		</dict>
		<key>1EC59696178943DB00391EE4</key>
		<dict>
			<key>children</key>
			<array>
				<string>1EC5969F178943DB00391EE4</string>
				<string>1EC596A0178943DB00391EE4</string>
				<string>1EC596A8178943DB00391EE4</string>
				<string>1EC596AB178943DB00391EE4</string>
				<string>1EC596AC178943DB00391EE4</string>
				<string>1EC596AE178943DB00391EE4</string>
				<string>1EC596B0178943DB00391EE4</string>
				<string>1EC596B2178943DB00391EE4</string>
				<string>1EC596B3178943DB00391EE4</string>
				<string>1EC596B5178943DB00391EE4</string>
				<string>1EC596B7178943DB00391EE4</string>
				<string>1EC59697178943DB00391EE4</string>
			</array>
			<key>isa</key>
			<string>PBXGroup</string>
			<key>path</key>
			<string>DailyGemApp</string>
			<key>sourceTree</key>
			<string>&lt;group&gt;</string>
		</dict>
		<key>1EC59697178943DB00391EE4</key>
		<dict>
			<key>children</key>
			<array>
				<string>1EC59698178943DB00391EE4</string>
				<string>1EC59699178943DB00391EE4</string>
				<string>1EC5969C178943DB00391EE4</string>
				<string>1EC5969E178943DB00391EE4</string>
				<string>1EC596A2178943DB00391EE4</string>
				<string>1EC596A4178943DB00391EE4</string>
				<string>1EC596A6178943DB00391EE4</string>
			</array>
			<key>isa</key>
			<string>PBXGroup</string>
			<key>name</key>
			<string>Supporting Files</string>
			<key>sourceTree</key>
			<string>&lt;group&gt;</string>
		</dict>
		<key>1EC59698178943DB00391EE4</key>
		<dict>
			<key>isa</key>
			<string>PBXFileReference</string>
			<key>lastKnownFileType</key>
			<string>text.plist.xml</string>
			<key>path</key>
			<string>DailyGemApp-Info.plist</string>
			<key>sourceTree</key>
			<string>&lt;group&gt;</string>
		</dict>
		<key>1EC59699178943DB00391EE4</key>
		<dict>
			<key>children</key>
			<array>
				<string>1EC5969A178943DB00391EE4</string>
			</array>
			<key>isa</key>
			<string>PBXVariantGroup</string>
			<key>name</key>
			<string>InfoPlist.strings</string>
			<key>sourceTree</key>
			<string>&lt;group&gt;</string>
		</dict>
		<key>1EC5969A178943DB00391EE4</key>
		<dict>
			<key>isa</key>
			<string>PBXFileReference</string>
			<key>lastKnownFileType</key>
			<string>text.plist.strings</string>
			<key>name</key>
			<string>en</string>
			<key>path</key>
			<string>en.lproj/InfoPlist.strings</string>
			<key>sourceTree</key>
			<string>&lt;group&gt;</string>
		</dict>
		<key>1EC5969B178943DB00391EE4</key>
		<dict>
			<key>fileRef</key>
			<string>1EC59699178943DB00391EE4</string>
			<key>isa</key>
			<string>PBXBuildFile</string>
		</dict>
		<key>1EC5969C178943DB00391EE4</key>
		<dict>
			<key>isa</key>
			<string>PBXFileReference</string>
			<key>lastKnownFileType</key>
			<string>sourcecode.c.objc</string>
			<key>path</key>
			<string>main.m</string>
			<key>sourceTree</key>
			<string>&lt;group&gt;</string>
		</dict>
		<key>1EC5969D178943DB00391EE4</key>
		<dict>
			<key>fileRef</key>
			<string>1EC5969C178943DB00391EE4</string>
			<key>isa</key>
			<string>PBXBuildFile</string>
		</dict>
		<key>1EC5969E178943DB00391EE4</key>
		<dict>
			<key>isa</key>
			<string>PBXFileReference</string>
			<key>lastKnownFileType</key>
			<string>sourcecode.c.h</string>
			<key>path</key>
			<string>DailyGemApp-Prefix.pch</string>
			<key>sourceTree</key>
			<string>&lt;group&gt;</string>
		</dict>
		<key>1EC5969F178943DB00391EE4</key>
		<dict>
			<key>isa</key>
			<string>PBXFileReference</string>
			<key>lastKnownFileType</key>
			<string>sourcecode.c.h</string>
			<key>path</key>
			<string>DGAppDelegate.h</string>
			<key>sourceTree</key>
			<string>&lt;group&gt;</string>
		</dict>
		<key>1EC596A0178943DB00391EE4</key>
		<dict>
			<key>isa</key>
			<string>PBXFileReference</string>
			<key>lastKnownFileType</key>
			<string>sourcecode.c.objc</string>
			<key>path</key>
			<string>DGAppDelegate.m</string>
			<key>sourceTree</key>
			<string>&lt;group&gt;</string>
		</dict>
		<key>1EC596A1178943DB00391EE4</key>
		<dict>
			<key>fileRef</key>
			<string>1EC596A0178943DB00391EE4</string>
			<key>isa</key>
			<string>PBXBuildFile</string>
		</dict>
		<key>1EC596A2178943DB00391EE4</key>
		<dict>
			<key>isa</key>
			<string>PBXFileReference</string>
			<key>lastKnownFileType</key>
			<string>image.png</string>
			<key>path</key>
			<string>Default.png</string>
			<key>sourceTree</key>
			<string>&lt;group&gt;</string>
		</dict>
		<key>1EC596A3178943DB00391EE4</key>
		<dict>
			<key>fileRef</key>
			<string>1EC596A2178943DB00391EE4</string>
			<key>isa</key>
			<string>PBXBuildFile</string>
		</dict>
		<key>1EC596A4178943DB00391EE4</key>
		<dict>
			<key>isa</key>
			<string>PBXFileReference</string>
			<key>lastKnownFileType</key>
			<string>image.png</string>
			<key>path</key>
			<string>Default@2x.png</string>
			<key>sourceTree</key>
			<string>&lt;group&gt;</string>
		</dict>
		<key>1EC596A5178943DB00391EE4</key>
		<dict>
			<key>fileRef</key>
			<string>1EC596A4178943DB00391EE4</string>
			<key>isa</key>
			<string>PBXBuildFile</string>
		</dict>
		<key>1EC596A6178943DB00391EE4</key>
		<dict>
			<key>isa</key>
			<string>PBXFileReference</string>
			<key>lastKnownFileType</key>
			<string>image.png</string>
			<key>path</key>
			<string>Default-568h@2x.png</string>
			<key>sourceTree</key>
			<string>&lt;group&gt;</string>
		</dict>
		<key>1EC596A7178943DB00391EE4</key>
		<dict>
			<key>fileRef</key>
			<string>1EC596A6178943DB00391EE4</string>
			<key>isa</key>
			<string>PBXBuildFile</string>
		</dict>
		<key>1EC596A8178943DB00391EE4</key>
		<dict>
			<key>children</key>
			<array>
				<string>1EC596A9178943DB00391EE4</string>
			</array>
			<key>isa</key>
			<string>PBXVariantGroup</string>
			<key>name</key>
			<string>MainStoryboard.storyboard</string>
			<key>sourceTree</key>
			<string>&lt;group&gt;</string>
		</dict>
		<key>1EC596A9178943DB00391EE4</key>
		<dict>
			<key>isa</key>
			<string>PBXFileReference</string>
			<key>lastKnownFileType</key>
			<string>file.storyboard</string>
			<key>name</key>
			<string>en</string>
			<key>path</key>
			<string>en.lproj/MainStoryboard.storyboard</string>
			<key>sourceTree</key>
			<string>&lt;group&gt;</string>
		</dict>
		<key>1EC596AA178943DB00391EE4</key>
		<dict>
			<key>fileRef</key>
			<string>1EC596A8178943DB00391EE4</string>
			<key>isa</key>
			<string>PBXBuildFile</string>
		</dict>
		<key>1EC596AB178943DB00391EE4</key>
		<dict>
			<key>isa</key>
			<string>PBXFileReference</string>
			<key>lastKnownFileType</key>
			<string>sourcecode.c.h</string>
			<key>path</key>
			<string>DGFirstViewController.h</string>
			<key>sourceTree</key>
			<string>&lt;group&gt;</string>
		</dict>
		<key>1EC596AC178943DB00391EE4</key>
		<dict>
			<key>isa</key>
			<string>PBXFileReference</string>
			<key>lastKnownFileType</key>
			<string>sourcecode.c.objc</string>
			<key>path</key>
			<string>DGFirstViewController.m</string>
			<key>sourceTree</key>
			<string>&lt;group&gt;</string>
		</dict>
		<key>1EC596AD178943DB00391EE4</key>
		<dict>
			<key>fileRef</key>
			<string>1EC596AC178943DB00391EE4</string>
			<key>isa</key>
			<string>PBXBuildFile</string>
		</dict>
		<key>1EC596AE178943DB00391EE4</key>
		<dict>
			<key>isa</key>
			<string>PBXFileReference</string>
			<key>lastKnownFileType</key>
			<string>image.png</string>
			<key>path</key>
			<string>first.png</string>
			<key>sourceTree</key>
			<string>&lt;group&gt;</string>
		</dict>
		<key>1EC596AF178943DB00391EE4</key>
		<dict>
			<key>fileRef</key>
			<string>1EC596AE178943DB00391EE4</string>
			<key>isa</key>
			<string>PBXBuildFile</string>
		</dict>
		<key>1EC596B0178943DB00391EE4</key>
		<dict>
			<key>isa</key>
			<string>PBXFileReference</string>
			<key>lastKnownFileType</key>
			<string>image.png</string>
			<key>path</key>
			<string>first@2x.png</string>
			<key>sourceTree</key>
			<string>&lt;group&gt;</string>
		</dict>
		<key>1EC596B1178943DB00391EE4</key>
		<dict>
			<key>fileRef</key>
			<string>1EC596B0178943DB00391EE4</string>
			<key>isa</key>
			<string>PBXBuildFile</string>
		</dict>
		<key>1EC596B2178943DB00391EE4</key>
		<dict>
			<key>isa</key>
			<string>PBXFileReference</string>
			<key>lastKnownFileType</key>
			<string>sourcecode.c.h</string>
			<key>path</key>
			<string>DGSecondViewController.h</string>
			<key>sourceTree</key>
			<string>&lt;group&gt;</string>
		</dict>
		<key>1EC596B3178943DB00391EE4</key>
		<dict>
			<key>isa</key>
			<string>PBXFileReference</string>
			<key>lastKnownFileType</key>
			<string>sourcecode.c.objc</string>
			<key>path</key>
			<string>DGSecondViewController.m</string>
			<key>sourceTree</key>
			<string>&lt;group&gt;</string>
		</dict>
		<key>1EC596B4178943DB00391EE4</key>
		<dict>
			<key>fileRef</key>
			<string>1EC596B3178943DB00391EE4</string>
			<key>isa</key>
			<string>PBXBuildFile</string>
		</dict>
		<key>1EC596B5178943DB00391EE4</key>
		<dict>
			<key>isa</key>
			<string>PBXFileReference</string>
			<key>lastKnownFileType</key>
			<string>image.png</string>
			<key>path</key>
			<string>second.png</string>
			<key>sourceTree</key>
			<string>&lt;group&gt;</string>
		</dict>
		<key>1EC596B6178943DB00391EE4</key>
		<dict>
			<key>fileRef</key>
			<string>1EC596B5178943DB00391EE4</string>
			<key>isa</key>
			<string>PBXBuildFile</string>
		</dict>
		<key>1EC596B7178943DB00391EE4</key>
		<dict>
			<key>isa</key>
			<string>PBXFileReference</string>
			<key>lastKnownFileType</key>
			<string>image.png</string>
			<key>path</key>
			<string>second@2x.png</string>
			<key>sourceTree</key>
			<string>&lt;group&gt;</string>
		</dict>
		<key>1EC596B8178943DB00391EE4</key>
		<dict>
			<key>fileRef</key>
			<string>1EC596B7178943DB00391EE4</string>
			<key>isa</key>
			<string>PBXBuildFile</string>
		</dict>
		<key>1EC596B9178943DB00391EE4</key>
		<dict>
			<key>buildActionMask</key>
			<string>2147483647</string>
			<key>files</key>
			<array>
				<string>1EC596CD178943DB00391EE4</string>
			</array>
			<key>isa</key>
			<string>PBXSourcesBuildPhase</string>
			<key>runOnlyForDeploymentPostprocessing</key>
			<string>0</string>
		</dict>
		<key>1EC596BA178943DB00391EE4</key>
		<dict>
			<key>buildActionMask</key>
			<string>2147483647</string>
			<key>files</key>
			<array>
				<string>1EC596C0178943DB00391EE4</string>
				<string>1EC596C1178943DB00391EE4</string>
				<string>1EC596C2178943DB00391EE4</string>
			</array>
			<key>isa</key>
			<string>PBXFrameworksBuildPhase</string>
			<key>runOnlyForDeploymentPostprocessing</key>
			<string>0</string>
		</dict>
		<key>1EC596BB178943DB00391EE4</key>
		<dict>
			<key>buildActionMask</key>
			<string>2147483647</string>
			<key>files</key>
			<array>
				<string>1EC596CA178943DB00391EE4</string>
			</array>
			<key>isa</key>
			<string>PBXResourcesBuildPhase</string>
			<key>runOnlyForDeploymentPostprocessing</key>
			<string>0</string>
		</dict>
		<key>1EC596BC178943DB00391EE4</key>
		<dict>
			<key>buildActionMask</key>
			<string>2147483647</string>
			<key>files</key>
			<array/>
			<key>inputPaths</key>
			<array/>
			<key>isa</key>
			<string>PBXShellScriptBuildPhase</string>
			<key>outputPaths</key>
			<array/>
			<key>runOnlyForDeploymentPostprocessing</key>
			<string>0</string>
			<key>shellPath</key>
			<string>/bin/sh</string>
			<key>shellScript</key>
			<string># Run the unit tests in this test bundle.
"${SYSTEM_DEVELOPER_DIR}/Tools/RunUnitTests"
</string>
		</dict>
		<key>1EC596BD178943DB00391EE4</key>
		<dict>
			<key>buildConfigurationList</key>
			<string>1EC596D3178943DB00391EE4</string>
			<key>buildPhases</key>
			<array>
				<string>1EC596B9178943DB00391EE4</string>
				<string>1EC596BA178943DB00391EE4</string>
				<string>1EC596BB178943DB00391EE4</string>
				<string>1EC596BC178943DB00391EE4</string>
			</array>
			<key>buildRules</key>
			<array/>
			<key>dependencies</key>
			<array>
				<string>1EC596C4178943DB00391EE4</string>
			</array>
			<key>isa</key>
			<string>PBXNativeTarget</string>
			<key>name</key>
			<string>DailyGemAppTests</string>
			<key>productName</key>
			<string>DailyGemAppTests</string>
			<key>productReference</key>
			<string>1EC596BE178943DB00391EE4</string>
			<key>productType</key>
			<string>com.apple.product-type.bundle</string>
		</dict>
		<key>1EC596BE178943DB00391EE4</key>
		<dict>
			<key>explicitFileType</key>
			<string>wrapper.cfbundle</string>
			<key>includeInIndex</key>
			<string>0</string>
			<key>isa</key>
			<string>PBXFileReference</string>
			<key>path</key>
			<string>DailyGemAppTests.octest</string>
			<key>sourceTree</key>
			<string>BUILT_PRODUCTS_DIR</string>
		</dict>
		<key>1EC596BF178943DB00391EE4</key>
		<dict>
			<key>isa</key>
			<string>PBXFileReference</string>
			<key>lastKnownFileType</key>
			<string>wrapper.framework</string>
			<key>name</key>
			<string>SenTestingKit.framework</string>
			<key>path</key>
			<string>Library/Frameworks/SenTestingKit.framework</string>
			<key>sourceTree</key>
			<string>DEVELOPER_DIR</string>
		</dict>
		<key>1EC596C0178943DB00391EE4</key>
		<dict>
			<key>fileRef</key>
			<string>1EC596BF178943DB00391EE4</string>
			<key>isa</key>
			<string>PBXBuildFile</string>
		</dict>
		<key>1EC596C1178943DB00391EE4</key>
		<dict>
			<key>fileRef</key>
			<string>1EC59690178943DB00391EE4</string>
			<key>isa</key>
			<string>PBXBuildFile</string>
		</dict>
		<key>1EC596C2178943DB00391EE4</key>
		<dict>
			<key>fileRef</key>
			<string>1EC59692178943DB00391EE4</string>
			<key>isa</key>
			<string>PBXBuildFile</string>
		</dict>
		<key>1EC596C3178943DB00391EE4</key>
		<dict>
			<key>containerPortal</key>
			<string>1EC59685178943DB00391EE4</string>
			<key>isa</key>
			<string>PBXContainerItemProxy</string>
			<key>proxyType</key>
			<string>1</string>
			<key>remoteGlobalIDString</key>
			<string>1EC5968C178943DB00391EE4</string>
			<key>remoteInfo</key>
			<string>DailyGemApp</string>
		</dict>
		<key>1EC596C4178943DB00391EE4</key>
		<dict>
			<key>isa</key>
			<string>PBXTargetDependency</string>
			<key>target</key>
			<string>1EC5968C178943DB00391EE4</string>
			<key>targetProxy</key>
			<string>1EC596C3178943DB00391EE4</string>
		</dict>
		<key>1EC596C5178943DB00391EE4</key>
		<dict>
			<key>children</key>
			<array>
				<string>1EC596CB178943DB00391EE4</string>
				<string>1EC596CC178943DB00391EE4</string>
				<string>1EC596C6178943DB00391EE4</string>
			</array>
			<key>isa</key>
			<string>PBXGroup</string>
			<key>path</key>
			<string>DailyGemAppTests</string>
			<key>sourceTree</key>
			<string>&lt;group&gt;</string>
		</dict>
		<key>1EC596C6178943DB00391EE4</key>
		<dict>
			<key>children</key>
			<array>
				<string>1EC596C7178943DB00391EE4</string>
				<string>1EC596C8178943DB00391EE4</string>
			</array>
			<key>isa</key>
			<string>PBXGroup</string>
			<key>name</key>
			<string>Supporting Files</string>
			<key>sourceTree</key>
			<string>&lt;group&gt;</string>
		</dict>
		<key>1EC596C7178943DB00391EE4</key>
		<dict>
			<key>isa</key>
			<string>PBXFileReference</string>
			<key>lastKnownFileType</key>
			<string>text.plist.xml</string>
			<key>path</key>
			<string>DailyGemAppTests-Info.plist</string>
			<key>sourceTree</key>
			<string>&lt;group&gt;</string>
		</dict>
		<key>1EC596C8178943DB00391EE4</key>
		<dict>
			<key>children</key>
			<array>
				<string>1EC596C9178943DB00391EE4</string>
			</array>
			<key>isa</key>
			<string>PBXVariantGroup</string>
			<key>name</key>
			<string>InfoPlist.strings</string>
			<key>sourceTree</key>
			<string>&lt;group&gt;</string>
		</dict>
		<key>1EC596C9178943DB00391EE4</key>
		<dict>
			<key>isa</key>
			<string>PBXFileReference</string>
			<key>lastKnownFileType</key>
			<string>text.plist.strings</string>
			<key>name</key>
			<string>en</string>
			<key>path</key>
			<string>en.lproj/InfoPlist.strings</string>
			<key>sourceTree</key>
			<string>&lt;group&gt;</string>
		</dict>
		<key>1EC596CA178943DB00391EE4</key>
		<dict>
			<key>fileRef</key>
			<string>1EC596C8178943DB00391EE4</string>
			<key>isa</key>
			<string>PBXBuildFile</string>
		</dict>
		<key>1EC596CB178943DB00391EE4</key>
		<dict>
			<key>isa</key>
			<string>PBXFileReference</string>
			<key>lastKnownFileType</key>
			<string>sourcecode.c.h</string>
			<key>path</key>
			<string>DailyGemAppTests.h</string>
			<key>sourceTree</key>
			<string>&lt;group&gt;</string>
		</dict>
		<key>1EC596CC178943DB00391EE4</key>
		<dict>
			<key>isa</key>
			<string>PBXFileReference</string>
			<key>lastKnownFileType</key>
			<string>sourcecode.c.objc</string>
			<key>path</key>
			<string>DailyGemAppTests.m</string>
			<key>sourceTree</key>
			<string>&lt;group&gt;</string>
		</dict>
		<key>1EC596CD178943DB00391EE4</key>
		<dict>
			<key>fileRef</key>
			<string>1EC596CC178943DB00391EE4</string>
			<key>isa</key>
			<string>PBXBuildFile</string>
		</dict>
		<key>1EC596CE178943DB00391EE4</key>
		<dict>
			<key>buildSettings</key>
			<dict>
				<key>ALWAYS_SEARCH_USER_PATHS</key>
				<string>NO</string>
				<key>CLANG_CXX_LANGUAGE_STANDARD</key>
				<string>gnu++0x</string>
				<key>CLANG_CXX_LIBRARY</key>
				<string>libc++</string>
				<key>CLANG_ENABLE_OBJC_ARC</key>
				<string>YES</string>
				<key>CLANG_WARN_CONSTANT_CONVERSION</key>
				<string>YES</string>
				<key>CLANG_WARN_EMPTY_BODY</key>
				<string>YES</string>
				<key>CLANG_WARN_ENUM_CONVERSION</key>
				<string>YES</string>
				<key>CLANG_WARN_INT_CONVERSION</key>
				<string>YES</string>
				<key>CLANG_WARN__DUPLICATE_METHOD_MATCH</key>
				<string>YES</string>
				<key>CODE_SIGN_IDENTITY[sdk=iphoneos*]</key>
				<string>iPhone Developer</string>
				<key>COPY_PHASE_STRIP</key>
				<string>NO</string>
				<key>GCC_C_LANGUAGE_STANDARD</key>
				<string>gnu99</string>
				<key>GCC_DYNAMIC_NO_PIC</key>
				<string>NO</string>
				<key>GCC_OPTIMIZATION_LEVEL</key>
				<string>0</string>
				<key>GCC_PREPROCESSOR_DEFINITIONS</key>
				<array>
					<string>DEBUG=1</string>
					<string>$(inherited)</string>
				</array>
				<key>GCC_SYMBOLS_PRIVATE_EXTERN</key>
				<string>NO</string>
				<key>GCC_WARN_ABOUT_RETURN_TYPE</key>
				<string>YES</string>
				<key>GCC_WARN_UNINITIALIZED_AUTOS</key>
				<string>YES</string>
				<key>GCC_WARN_UNUSED_VARIABLE</key>
				<string>YES</string>
				<key>IPHONEOS_DEPLOYMENT_TARGET</key>
				<string>6.0</string>
				<key>ONLY_ACTIVE_ARCH</key>
				<string>YES</string>
				<key>SDKROOT</key>
				<string>iphoneos</string>
			</dict>
			<key>isa</key>
			<string>XCBuildConfiguration</string>
			<key>name</key>
			<string>Debug</string>
		</dict>
		<key>1EC596CF178943DB00391EE4</key>
		<dict>
			<key>buildSettings</key>
			<dict>
				<key>ALWAYS_SEARCH_USER_PATHS</key>
				<string>NO</string>
				<key>CLANG_CXX_LANGUAGE_STANDARD</key>
				<string>gnu++0x</string>
				<key>CLANG_CXX_LIBRARY</key>
				<string>libc++</string>
				<key>CLANG_ENABLE_OBJC_ARC</key>
				<string>YES</string>
				<key>CLANG_WARN_CONSTANT_CONVERSION</key>
				<string>YES</string>
				<key>CLANG_WARN_EMPTY_BODY</key>
				<string>YES</string>
				<key>CLANG_WARN_ENUM_CONVERSION</key>
				<string>YES</string>
				<key>CLANG_WARN_INT_CONVERSION</key>
				<string>YES</string>
				<key>CLANG_WARN__DUPLICATE_METHOD_MATCH</key>
				<string>YES</string>
				<key>CODE_SIGN_IDENTITY[sdk=iphoneos*]</key>
				<string>iPhone Developer</string>
				<key>COPY_PHASE_STRIP</key>
				<string>YES</string>
				<key>GCC_C_LANGUAGE_STANDARD</key>
				<string>gnu99</string>
				<key>GCC_WARN_ABOUT_RETURN_TYPE</key>
				<string>YES</string>
				<key>GCC_WARN_UNINITIALIZED_AUTOS</key>
				<string>YES</string>
				<key>GCC_WARN_UNUSED_VARIABLE</key>
				<string>YES</string>
				<key>IPHONEOS_DEPLOYMENT_TARGET</key>
				<string>6.0</string>
				<key>OTHER_CFLAGS</key>
				<string>-DNS_BLOCK_ASSERTIONS=1</string>
				<key>SDKROOT</key>
				<string>iphoneos</string>
				<key>VALIDATE_PRODUCT</key>
				<string>YES</string>
			</dict>
			<key>isa</key>
			<string>XCBuildConfiguration</string>
			<key>name</key>
			<string>Release</string>
		</dict>
		<key>1EC596D0178943DB00391EE4</key>
		<dict>
			<key>buildConfigurations</key>
			<array>
				<string>1EC596D1178943DB00391EE4</string>
				<string>1EC596D2178943DB00391EE4</string>
			</array>
			<key>defaultConfigurationIsVisible</key>
			<string>0</string>
			<key>isa</key>
			<string>XCConfigurationList</string>
		</dict>
		<key>1EC596D1178943DB00391EE4</key>
		<dict>
			<key>baseConfigurationReference</key>
			<string>2B8D1BC33BCF4013A8410915</string>
			<key>buildSettings</key>
			<dict>
				<key>GCC_PRECOMPILE_PREFIX_HEADER</key>
				<string>YES</string>
				<key>GCC_PREFIX_HEADER</key>
				<string>DailyGemApp/DailyGemApp-Prefix.pch</string>
				<key>INFOPLIST_FILE</key>
				<string>DailyGemApp/DailyGemApp-Info.plist</string>
				<key>PRODUCT_NAME</key>
				<string>$(TARGET_NAME)</string>
				<key>WRAPPER_EXTENSION</key>
				<string>app</string>
			</dict>
			<key>isa</key>
			<string>XCBuildConfiguration</string>
			<key>name</key>
			<string>Debug</string>
		</dict>
		<key>1EC596D2178943DB00391EE4</key>
		<dict>
			<key>baseConfigurationReference</key>
			<string>2B8D1BC33BCF4013A8410915</string>
			<key>buildSettings</key>
			<dict>
				<key>GCC_PRECOMPILE_PREFIX_HEADER</key>
				<string>YES</string>
				<key>GCC_PREFIX_HEADER</key>
				<string>DailyGemApp/DailyGemApp-Prefix.pch</string>
				<key>INFOPLIST_FILE</key>
				<string>DailyGemApp/DailyGemApp-Info.plist</string>
				<key>PRODUCT_NAME</key>
				<string>$(TARGET_NAME)</string>
				<key>WRAPPER_EXTENSION</key>
				<string>app</string>
			</dict>
			<key>isa</key>
			<string>XCBuildConfiguration</string>
			<key>name</key>
			<string>Release</string>
		</dict>
		<key>1EC596D3178943DB00391EE4</key>
		<dict>
			<key>buildConfigurations</key>
			<array>
				<string>1EC596D4178943DB00391EE4</string>
				<string>1EC596D5178943DB00391EE4</string>
			</array>
			<key>defaultConfigurationIsVisible</key>
			<string>0</string>
			<key>isa</key>
			<string>XCConfigurationList</string>
		</dict>
		<key>1EC596D4178943DB00391EE4</key>
		<dict>
			<key>buildSettings</key>
			<dict>
				<key>BUNDLE_LOADER</key>
				<string>$(BUILT_PRODUCTS_DIR)/DailyGemApp.app/DailyGemApp</string>
				<key>FRAMEWORK_SEARCH_PATHS</key>
				<array>
					<string>"$(SDKROOT)/Developer/Library/Frameworks"</string>
					<string>"$(DEVELOPER_LIBRARY_DIR)/Frameworks"</string>
				</array>
				<key>GCC_PRECOMPILE_PREFIX_HEADER</key>
				<string>YES</string>
				<key>GCC_PREFIX_HEADER</key>
				<string>DailyGemApp/DailyGemApp-Prefix.pch</string>
				<key>INFOPLIST_FILE</key>
				<string>DailyGemAppTests/DailyGemAppTests-Info.plist</string>
				<key>PRODUCT_NAME</key>
				<string>$(TARGET_NAME)</string>
				<key>TEST_HOST</key>
				<string>$(BUNDLE_LOADER)</string>
				<key>WRAPPER_EXTENSION</key>
				<string>octest</string>
			</dict>
			<key>isa</key>
			<string>XCBuildConfiguration</string>
			<key>name</key>
			<string>Debug</string>
		</dict>
		<key>1EC596D5178943DB00391EE4</key>
		<dict>
			<key>buildSettings</key>
			<dict>
				<key>BUNDLE_LOADER</key>
				<string>$(BUILT_PRODUCTS_DIR)/DailyGemApp.app/DailyGemApp</string>
				<key>FRAMEWORK_SEARCH_PATHS</key>
				<array>
					<string>"$(SDKROOT)/Developer/Library/Frameworks"</string>
					<string>"$(DEVELOPER_LIBRARY_DIR)/Frameworks"</string>
				</array>
				<key>GCC_PRECOMPILE_PREFIX_HEADER</key>
				<string>YES</string>
				<key>GCC_PREFIX_HEADER</key>
				<string>DailyGemApp/DailyGemApp-Prefix.pch</string>
				<key>INFOPLIST_FILE</key>
				<string>DailyGemAppTests/DailyGemAppTests-Info.plist</string>
				<key>PRODUCT_NAME</key>
				<string>$(TARGET_NAME)</string>
				<key>TEST_HOST</key>
				<string>$(BUNDLE_LOADER)</string>
				<key>WRAPPER_EXTENSION</key>
				<string>octest</string>
			</dict>
			<key>isa</key>
			<string>XCBuildConfiguration</string>
			<key>name</key>
			<string>Release</string>
		</dict>
		<key>2B8D1BC33BCF4013A8410915</key>
		<dict>
			<key>includeInIndex</key>
			<string>1</string>
			<key>isa</key>
			<string>PBXFileReference</string>
			<key>lastKnownFileType</key>
			<string>text.xcconfig</string>
			<key>path</key>
			<string>Pods/Pods.xcconfig</string>
			<key>sourceTree</key>
			<string>SOURCE_ROOT</string>
		</dict>
		<key>53E72001F29543B2B10C32C5</key>
		<dict>
			<key>buildActionMask</key>
			<string>2147483647</string>
			<key>files</key>
			<array/>
			<key>inputPaths</key>
			<array/>
			<key>isa</key>
			<string>PBXShellScriptBuildPhase</string>
			<key>name</key>
			<string>Copy Pods Resources</string>
			<key>outputPaths</key>
			<array/>
			<key>runOnlyForDeploymentPostprocessing</key>
			<string>0</string>
			<key>shellPath</key>
			<string>/bin/sh</string>
			<key>shellScript</key>
			<string>"${SRCROOT}/Pods/Pods-resources.sh"
</string>
			<key>showEnvVarsInLog</key>
			<string>0</string>
		</dict>
		<key>562DE6FEE4F3408888F6A56D</key>
		<dict>
			<key>explicitFileType</key>
			<string>archive.ar</string>
			<key>includeInIndex</key>
			<string>0</string>
			<key>isa</key>
			<string>PBXFileReference</string>
			<key>path</key>
			<string>libPods.a</string>
			<key>sourceTree</key>
			<string>BUILT_PRODUCTS_DIR</string>
		</dict>
		<key>7654A794F60C48ABBCD3588E</key>
		<dict>
			<key>buildActionMask</key>
			<string>2147483647</string>
			<key>files</key>
			<array/>
			<key>inputPaths</key>
			<array/>
			<key>isa</key>
			<string>PBXShellScriptBuildPhase</string>
			<key>name</key>
			<string>Check Pods Manifest.lock</string>
			<key>outputPaths</key>
			<array/>
			<key>runOnlyForDeploymentPostprocessing</key>
			<string>0</string>
			<key>shellPath</key>
			<string>/bin/sh</string>
			<key>shellScript</key>
			<string>diff "${PODS_ROOT}/../Podfile.lock" "${PODS_ROOT}/Manifest.lock" &gt; /dev/null
if [[ $? != 0 ]] ; then
    cat &lt;&lt; EOM
error: The sandbox is not in sync with the Podfile.lock. Run 'pod install' or update your CocoaPods installation.
EOM
    exit 1
fi
</string>
			<key>showEnvVarsInLog</key>
			<string>0</string>
		</dict>
		<key>85249FA1C7414FE8B399AB1C</key>
		<dict>
			<key>fileRef</key>
			<string>562DE6FEE4F3408888F6A56D</string>
			<key>isa</key>
			<string>PBXBuildFile</string>
		</dict>
	</dict>
	<key>rootObject</key>
	<string>1EC59685178943DB00391EE4</string>
</dict>
</plist>
