// !$*UTF8*$!
{
	archiveVersion = 1;
	classes = {
	};
	objectVersion = 46;
	objects = {

/* Begin PBXBuildFile section */
		1E6C83511789590B00F9D4C5 /* DailyGem.xcdatamodeld in Sources */ = {isa = PBXBuildFile; fileRef = 1E6C834F1789590B00F9D4C5 /* DailyGem.xcdatamodeld */; };
		1E6C838417896C1F00F9D4C5 /* DGRestKit.m in Sources */ = {isa = PBXBuildFile; fileRef = 1E6C838317896C1F00F9D4C5 /* DGRestKit.m */; };
		1EC59691178943DB00391EE4 /* UIKit.framework in Frameworks */ = {isa = PBXBuildFile; fileRef = 1EC59690178943DB00391EE4 /* UIKit.framework */; };
		1EC59693178943DB00391EE4 /* Foundation.framework in Frameworks */ = {isa = PBXBuildFile; fileRef = 1EC59692178943DB00391EE4 /* Foundation.framework */; };
		1EC59695178943DB00391EE4 /* CoreGraphics.framework in Frameworks */ = {isa = PBXBuildFile; fileRef = 1EC59694178943DB00391EE4 /* CoreGraphics.framework */; };
		1EC5969B178943DB00391EE4 /* InfoPlist.strings in Resources */ = {isa = PBXBuildFile; fileRef = 1EC59699178943DB00391EE4 /* InfoPlist.strings */; };
		1EC5969D178943DB00391EE4 /* main.m in Sources */ = {isa = PBXBuildFile; fileRef = 1EC5969C178943DB00391EE4 /* main.m */; };
		1EC596A1178943DB00391EE4 /* DGAppDelegate.m in Sources */ = {isa = PBXBuildFile; fileRef = 1EC596A0178943DB00391EE4 /* DGAppDelegate.m */; };
		1EC596A3178943DB00391EE4 /* Default.png in Resources */ = {isa = PBXBuildFile; fileRef = 1EC596A2178943DB00391EE4 /* Default.png */; };
		1EC596A5178943DB00391EE4 /* Default@2x.png in Resources */ = {isa = PBXBuildFile; fileRef = 1EC596A4178943DB00391EE4 /* Default@2x.png */; };
		1EC596A7178943DB00391EE4 /* Default-568h@2x.png in Resources */ = {isa = PBXBuildFile; fileRef = 1EC596A6178943DB00391EE4 /* Default-568h@2x.png */; };
		1EC596AA178943DB00391EE4 /* MainStoryboard.storyboard in Resources */ = {isa = PBXBuildFile; fileRef = 1EC596A8178943DB00391EE4 /* MainStoryboard.storyboard */; };
		1EC596AD178943DB00391EE4 /* DGFirstViewController.m in Sources */ = {isa = PBXBuildFile; fileRef = 1EC596AC178943DB00391EE4 /* DGFirstViewController.m */; };
		1EC596AF178943DB00391EE4 /* first.png in Resources */ = {isa = PBXBuildFile; fileRef = 1EC596AE178943DB00391EE4 /* first.png */; };
		1EC596B1178943DB00391EE4 /* first@2x.png in Resources */ = {isa = PBXBuildFile; fileRef = 1EC596B0178943DB00391EE4 /* first@2x.png */; };
		1EC596B4178943DB00391EE4 /* DGSecondViewController.m in Sources */ = {isa = PBXBuildFile; fileRef = 1EC596B3178943DB00391EE4 /* DGSecondViewController.m */; };
		1EC596B6178943DB00391EE4 /* second.png in Resources */ = {isa = PBXBuildFile; fileRef = 1EC596B5178943DB00391EE4 /* second.png */; };
		1EC596B8178943DB00391EE4 /* second@2x.png in Resources */ = {isa = PBXBuildFile; fileRef = 1EC596B7178943DB00391EE4 /* second@2x.png */; };
		1EC596C0178943DB00391EE4 /* SenTestingKit.framework in Frameworks */ = {isa = PBXBuildFile; fileRef = 1EC596BF178943DB00391EE4 /* SenTestingKit.framework */; };
		1EC596C1178943DB00391EE4 /* UIKit.framework in Frameworks */ = {isa = PBXBuildFile; fileRef = 1EC59690178943DB00391EE4 /* UIKit.framework */; };
		1EC596C2178943DB00391EE4 /* Foundation.framework in Frameworks */ = {isa = PBXBuildFile; fileRef = 1EC59692178943DB00391EE4 /* Foundation.framework */; };
		1EC596CA178943DB00391EE4 /* InfoPlist.strings in Resources */ = {isa = PBXBuildFile; fileRef = 1EC596C8178943DB00391EE4 /* InfoPlist.strings */; };
		1EC596CD178943DB00391EE4 /* DailyGemAppTests.m in Sources */ = {isa = PBXBuildFile; fileRef = 1EC596CC178943DB00391EE4 /* DailyGemAppTests.m */; };
		1EEB903D178977200075DAC8 /* DGItem.m in Sources */ = {isa = PBXBuildFile; fileRef = 1EEB903C178977200075DAC8 /* DGItem.m */; };
		1EEB9043178977200075DAC8 /* DGDataObject.m in Sources */ = {isa = PBXBuildFile; fileRef = 1EEB9042178977200075DAC8 /* DGDataObject.m */; };
		1EEB9046178977200075DAC8 /* DGBucket.m in Sources */ = {isa = PBXBuildFile; fileRef = 1EEB9045178977200075DAC8 /* DGBucket.m */; };
		1EEB90491789785D0075DAC8 /* DGUser+RestKit.m in Sources */ = {isa = PBXBuildFile; fileRef = 1EEB90481789785D0075DAC8 /* DGUser+RestKit.m */; };
		1EEB904C17897FB00075DAC8 /* DGAuction+RestKit.m in Sources */ = {isa = PBXBuildFile; fileRef = 1EEB904B17897FB00075DAC8 /* DGAuction+RestKit.m */; };
		1EEB904F17897FE70075DAC8 /* DGBucket+RestKit.m in Sources */ = {isa = PBXBuildFile; fileRef = 1EEB904E17897FE70075DAC8 /* DGBucket+RestKit.m */; };
		1EEB90521789800B0075DAC8 /* DGDataObject+RestKit.m in Sources */ = {isa = PBXBuildFile; fileRef = 1EEB90511789800B0075DAC8 /* DGDataObject+RestKit.m */; };
		1EEB9055178980170075DAC8 /* DGItem+RestKit.m in Sources */ = {isa = PBXBuildFile; fileRef = 1EEB9054178980170075DAC8 /* DGItem+RestKit.m */; };
		1EEB905A178999010075DAC8 /* DGAuction.m in Sources */ = {isa = PBXBuildFile; fileRef = 1EEB9059178999010075DAC8 /* DGAuction.m */; };
		1EEB9060178999010075DAC8 /* DGUser.m in Sources */ = {isa = PBXBuildFile; fileRef = 1EEB905F178999010075DAC8 /* DGUser.m */; };
		1EEB9063178999430075DAC8 /* DGBid+RestKit.m in Sources */ = {isa = PBXBuildFile; fileRef = 1EEB9062178999430075DAC8 /* DGBid+RestKit.m */; };
		1EEB906617899A6D0075DAC8 /* DGBid.m in Sources */ = {isa = PBXBuildFile; fileRef = 1EEB906517899A6D0075DAC8 /* DGBid.m */; };
		85249FA1C7414FE8B399AB1C /* libPods.a in Frameworks */ = {isa = PBXBuildFile; fileRef = 562DE6FEE4F3408888F6A56D /* libPods.a */; };
/* End PBXBuildFile section */

/* Begin PBXContainerItemProxy section */
		1EC596C3178943DB00391EE4 /* PBXContainerItemProxy */ = {
			isa = PBXContainerItemProxy;
			containerPortal = 1EC59685178943DB00391EE4 /* Project object */;
			proxyType = 1;
			remoteGlobalIDString = 1EC5968C178943DB00391EE4;
			remoteInfo = DailyGemApp;
		};
/* End PBXContainerItemProxy section */

/* Begin PBXFileReference section */
		1E6C83501789590B00F9D4C5 /* DailyGem.xcdatamodel */ = {isa = PBXFileReference; lastKnownFileType = wrapper.xcdatamodel; path = DailyGem.xcdatamodel; sourceTree = "<group>"; };
		1E6C838217896C1F00F9D4C5 /* DGRestKit.h */ = {isa = PBXFileReference; fileEncoding = 4; lastKnownFileType = sourcecode.c.h; path = DGRestKit.h; sourceTree = "<group>"; };
		1E6C838317896C1F00F9D4C5 /* DGRestKit.m */ = {isa = PBXFileReference; fileEncoding = 4; lastKnownFileType = sourcecode.c.objc; path = DGRestKit.m; sourceTree = "<group>"; };
		1EC5968D178943DB00391EE4 /* DailyGemApp.app */ = {isa = PBXFileReference; explicitFileType = wrapper.application; includeInIndex = 0; path = DailyGemApp.app; sourceTree = BUILT_PRODUCTS_DIR; };
		1EC59690178943DB00391EE4 /* UIKit.framework */ = {isa = PBXFileReference; lastKnownFileType = wrapper.framework; name = UIKit.framework; path = System/Library/Frameworks/UIKit.framework; sourceTree = SDKROOT; };
		1EC59692178943DB00391EE4 /* Foundation.framework */ = {isa = PBXFileReference; lastKnownFileType = wrapper.framework; name = Foundation.framework; path = System/Library/Frameworks/Foundation.framework; sourceTree = SDKROOT; };
		1EC59694178943DB00391EE4 /* CoreGraphics.framework */ = {isa = PBXFileReference; lastKnownFileType = wrapper.framework; name = CoreGraphics.framework; path = System/Library/Frameworks/CoreGraphics.framework; sourceTree = SDKROOT; };
		1EC59698178943DB00391EE4 /* DailyGemApp-Info.plist */ = {isa = PBXFileReference; lastKnownFileType = text.plist.xml; path = "DailyGemApp-Info.plist"; sourceTree = "<group>"; };
		1EC5969A178943DB00391EE4 /* en */ = {isa = PBXFileReference; lastKnownFileType = text.plist.strings; name = en; path = en.lproj/InfoPlist.strings; sourceTree = "<group>"; };
		1EC5969C178943DB00391EE4 /* main.m */ = {isa = PBXFileReference; lastKnownFileType = sourcecode.c.objc; path = main.m; sourceTree = "<group>"; };
		1EC5969E178943DB00391EE4 /* DailyGemApp-Prefix.pch */ = {isa = PBXFileReference; lastKnownFileType = sourcecode.c.h; path = "DailyGemApp-Prefix.pch"; sourceTree = "<group>"; };
		1EC5969F178943DB00391EE4 /* DGAppDelegate.h */ = {isa = PBXFileReference; lastKnownFileType = sourcecode.c.h; path = DGAppDelegate.h; sourceTree = "<group>"; };
		1EC596A0178943DB00391EE4 /* DGAppDelegate.m */ = {isa = PBXFileReference; lastKnownFileType = sourcecode.c.objc; path = DGAppDelegate.m; sourceTree = "<group>"; };
		1EC596A2178943DB00391EE4 /* Default.png */ = {isa = PBXFileReference; lastKnownFileType = image.png; path = Default.png; sourceTree = "<group>"; };
		1EC596A4178943DB00391EE4 /* Default@2x.png */ = {isa = PBXFileReference; lastKnownFileType = image.png; path = "Default@2x.png"; sourceTree = "<group>"; };
		1EC596A6178943DB00391EE4 /* Default-568h@2x.png */ = {isa = PBXFileReference; lastKnownFileType = image.png; path = "Default-568h@2x.png"; sourceTree = "<group>"; };
		1EC596A9178943DB00391EE4 /* en */ = {isa = PBXFileReference; lastKnownFileType = file.storyboard; name = en; path = en.lproj/MainStoryboard.storyboard; sourceTree = "<group>"; };
		1EC596AB178943DB00391EE4 /* DGFirstViewController.h */ = {isa = PBXFileReference; lastKnownFileType = sourcecode.c.h; path = DGFirstViewController.h; sourceTree = "<group>"; };
		1EC596AC178943DB00391EE4 /* DGFirstViewController.m */ = {isa = PBXFileReference; lastKnownFileType = sourcecode.c.objc; path = DGFirstViewController.m; sourceTree = "<group>"; };
		1EC596AE178943DB00391EE4 /* first.png */ = {isa = PBXFileReference; lastKnownFileType = image.png; path = first.png; sourceTree = "<group>"; };
		1EC596B0178943DB00391EE4 /* first@2x.png */ = {isa = PBXFileReference; lastKnownFileType = image.png; path = "first@2x.png"; sourceTree = "<group>"; };
		1EC596B2178943DB00391EE4 /* DGSecondViewController.h */ = {isa = PBXFileReference; lastKnownFileType = sourcecode.c.h; path = DGSecondViewController.h; sourceTree = "<group>"; };
		1EC596B3178943DB00391EE4 /* DGSecondViewController.m */ = {isa = PBXFileReference; lastKnownFileType = sourcecode.c.objc; path = DGSecondViewController.m; sourceTree = "<group>"; };
		1EC596B5178943DB00391EE4 /* second.png */ = {isa = PBXFileReference; lastKnownFileType = image.png; path = second.png; sourceTree = "<group>"; };
		1EC596B7178943DB00391EE4 /* second@2x.png */ = {isa = PBXFileReference; lastKnownFileType = image.png; path = "second@2x.png"; sourceTree = "<group>"; };
		1EC596BE178943DB00391EE4 /* DailyGemAppTests.octest */ = {isa = PBXFileReference; explicitFileType = wrapper.cfbundle; includeInIndex = 0; path = DailyGemAppTests.octest; sourceTree = BUILT_PRODUCTS_DIR; };
		1EC596BF178943DB00391EE4 /* SenTestingKit.framework */ = {isa = PBXFileReference; lastKnownFileType = wrapper.framework; name = SenTestingKit.framework; path = Library/Frameworks/SenTestingKit.framework; sourceTree = DEVELOPER_DIR; };
		1EC596C7178943DB00391EE4 /* DailyGemAppTests-Info.plist */ = {isa = PBXFileReference; lastKnownFileType = text.plist.xml; path = "DailyGemAppTests-Info.plist"; sourceTree = "<group>"; };
		1EC596C9178943DB00391EE4 /* en */ = {isa = PBXFileReference; lastKnownFileType = text.plist.strings; name = en; path = en.lproj/InfoPlist.strings; sourceTree = "<group>"; };
		1EC596CB178943DB00391EE4 /* DailyGemAppTests.h */ = {isa = PBXFileReference; lastKnownFileType = sourcecode.c.h; path = DailyGemAppTests.h; sourceTree = "<group>"; };
		1EC596CC178943DB00391EE4 /* DailyGemAppTests.m */ = {isa = PBXFileReference; lastKnownFileType = sourcecode.c.objc; path = DailyGemAppTests.m; sourceTree = "<group>"; };
		1EEB903B178977200075DAC8 /* DGItem.h */ = {isa = PBXFileReference; fileEncoding = 4; lastKnownFileType = sourcecode.c.h; path = DGItem.h; sourceTree = "<group>"; };
		1EEB903C178977200075DAC8 /* DGItem.m */ = {isa = PBXFileReference; fileEncoding = 4; lastKnownFileType = sourcecode.c.objc; path = DGItem.m; sourceTree = "<group>"; };
		1EEB9041178977200075DAC8 /* DGDataObject.h */ = {isa = PBXFileReference; fileEncoding = 4; lastKnownFileType = sourcecode.c.h; path = DGDataObject.h; sourceTree = "<group>"; };
		1EEB9042178977200075DAC8 /* DGDataObject.m */ = {isa = PBXFileReference; fileEncoding = 4; lastKnownFileType = sourcecode.c.objc; path = DGDataObject.m; sourceTree = "<group>"; };
		1EEB9044178977200075DAC8 /* DGBucket.h */ = {isa = PBXFileReference; fileEncoding = 4; lastKnownFileType = sourcecode.c.h; path = DGBucket.h; sourceTree = "<group>"; };
		1EEB9045178977200075DAC8 /* DGBucket.m */ = {isa = PBXFileReference; fileEncoding = 4; lastKnownFileType = sourcecode.c.objc; path = DGBucket.m; sourceTree = "<group>"; };
		1EEB90471789785D0075DAC8 /* DGUser+RestKit.h */ = {isa = PBXFileReference; fileEncoding = 4; lastKnownFileType = sourcecode.c.h; path = "DGUser+RestKit.h"; sourceTree = "<group>"; };
		1EEB90481789785D0075DAC8 /* DGUser+RestKit.m */ = {isa = PBXFileReference; fileEncoding = 4; lastKnownFileType = sourcecode.c.objc; path = "DGUser+RestKit.m"; sourceTree = "<group>"; };
		1EEB904A17897FB00075DAC8 /* DGAuction+RestKit.h */ = {isa = PBXFileReference; fileEncoding = 4; lastKnownFileType = sourcecode.c.h; path = "DGAuction+RestKit.h"; sourceTree = "<group>"; };
		1EEB904B17897FB00075DAC8 /* DGAuction+RestKit.m */ = {isa = PBXFileReference; fileEncoding = 4; lastKnownFileType = sourcecode.c.objc; path = "DGAuction+RestKit.m"; sourceTree = "<group>"; };
		1EEB904D17897FE60075DAC8 /* DGBucket+RestKit.h */ = {isa = PBXFileReference; fileEncoding = 4; lastKnownFileType = sourcecode.c.h; path = "DGBucket+RestKit.h"; sourceTree = "<group>"; };
		1EEB904E17897FE70075DAC8 /* DGBucket+RestKit.m */ = {isa = PBXFileReference; fileEncoding = 4; lastKnownFileType = sourcecode.c.objc; path = "DGBucket+RestKit.m"; sourceTree = "<group>"; };
		1EEB90501789800B0075DAC8 /* DGDataObject+RestKit.h */ = {isa = PBXFileReference; fileEncoding = 4; lastKnownFileType = sourcecode.c.h; path = "DGDataObject+RestKit.h"; sourceTree = "<group>"; };
		1EEB90511789800B0075DAC8 /* DGDataObject+RestKit.m */ = {isa = PBXFileReference; fileEncoding = 4; lastKnownFileType = sourcecode.c.objc; path = "DGDataObject+RestKit.m"; sourceTree = "<group>"; };
		1EEB9053178980170075DAC8 /* DGItem+RestKit.h */ = {isa = PBXFileReference; fileEncoding = 4; lastKnownFileType = sourcecode.c.h; path = "DGItem+RestKit.h"; sourceTree = "<group>"; };
		1EEB9054178980170075DAC8 /* DGItem+RestKit.m */ = {isa = PBXFileReference; fileEncoding = 4; lastKnownFileType = sourcecode.c.objc; path = "DGItem+RestKit.m"; sourceTree = "<group>"; };
		1EEB9058178999010075DAC8 /* DGAuction.h */ = {isa = PBXFileReference; fileEncoding = 4; lastKnownFileType = sourcecode.c.h; path = DGAuction.h; sourceTree = "<group>"; };
		1EEB9059178999010075DAC8 /* DGAuction.m */ = {isa = PBXFileReference; fileEncoding = 4; lastKnownFileType = sourcecode.c.objc; path = DGAuction.m; sourceTree = "<group>"; };
		1EEB905E178999010075DAC8 /* DGUser.h */ = {isa = PBXFileReference; fileEncoding = 4; lastKnownFileType = sourcecode.c.h; path = DGUser.h; sourceTree = "<group>"; };
		1EEB905F178999010075DAC8 /* DGUser.m */ = {isa = PBXFileReference; fileEncoding = 4; lastKnownFileType = sourcecode.c.objc; path = DGUser.m; sourceTree = "<group>"; };
		1EEB9061178999420075DAC8 /* DGBid+RestKit.h */ = {isa = PBXFileReference; fileEncoding = 4; lastKnownFileType = sourcecode.c.h; path = "DGBid+RestKit.h"; sourceTree = "<group>"; };
		1EEB9062178999430075DAC8 /* DGBid+RestKit.m */ = {isa = PBXFileReference; fileEncoding = 4; lastKnownFileType = sourcecode.c.objc; path = "DGBid+RestKit.m"; sourceTree = "<group>"; };
		1EEB906417899A6D0075DAC8 /* DGBid.h */ = {isa = PBXFileReference; fileEncoding = 4; lastKnownFileType = sourcecode.c.h; path = DGBid.h; sourceTree = "<group>"; };
		1EEB906517899A6D0075DAC8 /* DGBid.m */ = {isa = PBXFileReference; fileEncoding = 4; lastKnownFileType = sourcecode.c.objc; path = DGBid.m; sourceTree = "<group>"; };
		2B8D1BC33BCF4013A8410915 /* Pods/Pods.xcconfig */ = {isa = PBXFileReference; includeInIndex = 1; lastKnownFileType = text.xcconfig; path = Pods/Pods.xcconfig; sourceTree = SOURCE_ROOT; };
		562DE6FEE4F3408888F6A56D /* libPods.a */ = {isa = PBXFileReference; explicitFileType = archive.ar; includeInIndex = 0; path = libPods.a; sourceTree = BUILT_PRODUCTS_DIR; };
/* End PBXFileReference section */

/* Begin PBXFrameworksBuildPhase section */
		1EC5968A178943DB00391EE4 /* Frameworks */ = {
			isa = PBXFrameworksBuildPhase;
			buildActionMask = 2147483647;
			files = (
				1EC59691178943DB00391EE4 /* UIKit.framework in Frameworks */,
				1EC59693178943DB00391EE4 /* Foundation.framework in Frameworks */,
				1EC59695178943DB00391EE4 /* CoreGraphics.framework in Frameworks */,
				85249FA1C7414FE8B399AB1C /* libPods.a in Frameworks */,
			);
			runOnlyForDeploymentPostprocessing = 0;
		};
		1EC596BA178943DB00391EE4 /* Frameworks */ = {
			isa = PBXFrameworksBuildPhase;
			buildActionMask = 2147483647;
			files = (
				1EC596C0178943DB00391EE4 /* SenTestingKit.framework in Frameworks */,
				1EC596C1178943DB00391EE4 /* UIKit.framework in Frameworks */,
				1EC596C2178943DB00391EE4 /* Foundation.framework in Frameworks */,
			);
			runOnlyForDeploymentPostprocessing = 0;
		};
/* End PBXFrameworksBuildPhase section */

/* Begin PBXGroup section */
		1E6C83611789645200F9D4C5 /* Model */ = {
			isa = PBXGroup;
			children = (
				1E6C83621789647200F9D4C5 /* DataModel */,
				1E6C838517896C2500F9D4C5 /* RestKit */,
			);
			name = Model;
			sourceTree = "<group>";
		};
		1E6C83621789647200F9D4C5 /* DataModel */ = {
			isa = PBXGroup;
			children = (
				1E6C834F1789590B00F9D4C5 /* DailyGem.xcdatamodeld */,
				1EEB906417899A6D0075DAC8 /* DGBid.h */,
				1EEB906517899A6D0075DAC8 /* DGBid.m */,
				1EEB905E178999010075DAC8 /* DGUser.h */,
				1EEB905F178999010075DAC8 /* DGUser.m */,
				1EEB9058178999010075DAC8 /* DGAuction.h */,
				1EEB9059178999010075DAC8 /* DGAuction.m */,
				1EEB9044178977200075DAC8 /* DGBucket.h */,
				1EEB9045178977200075DAC8 /* DGBucket.m */,
				1EEB9041178977200075DAC8 /* DGDataObject.h */,
				1EEB9042178977200075DAC8 /* DGDataObject.m */,
				1EEB903B178977200075DAC8 /* DGItem.h */,
				1EEB903C178977200075DAC8 /* DGItem.m */,
			);
			name = DataModel;
			sourceTree = "<group>";
		};
		1E6C838517896C2500F9D4C5 /* RestKit */ = {
			isa = PBXGroup;
			children = (
				1E6C838217896C1F00F9D4C5 /* DGRestKit.h */,
				1E6C838317896C1F00F9D4C5 /* DGRestKit.m */,
				1EEB90471789785D0075DAC8 /* DGUser+RestKit.h */,
				1EEB90481789785D0075DAC8 /* DGUser+RestKit.m */,
				1EEB904A17897FB00075DAC8 /* DGAuction+RestKit.h */,
				1EEB904B17897FB00075DAC8 /* DGAuction+RestKit.m */,
				1EEB904D17897FE60075DAC8 /* DGBucket+RestKit.h */,
				1EEB904E17897FE70075DAC8 /* DGBucket+RestKit.m */,
				1EEB90501789800B0075DAC8 /* DGDataObject+RestKit.h */,
				1EEB90511789800B0075DAC8 /* DGDataObject+RestKit.m */,
				1EEB9053178980170075DAC8 /* DGItem+RestKit.h */,
				1EEB9054178980170075DAC8 /* DGItem+RestKit.m */,
				1EEB9061178999420075DAC8 /* DGBid+RestKit.h */,
				1EEB9062178999430075DAC8 /* DGBid+RestKit.m */,
			);
			name = RestKit;
			sourceTree = "<group>";
		};
		1EC59684178943DB00391EE4 = {
			isa = PBXGroup;
			children = (
				1EC59696178943DB00391EE4 /* DailyGemApp */,
				1EC596C5178943DB00391EE4 /* DailyGemAppTests */,
				1EC5968F178943DB00391EE4 /* Frameworks */,
				1EC5968E178943DB00391EE4 /* Products */,
				2B8D1BC33BCF4013A8410915 /* Pods/Pods.xcconfig */,
			);
			sourceTree = "<group>";
		};
		1EC5968E178943DB00391EE4 /* Products */ = {
			isa = PBXGroup;
			children = (
				1EC5968D178943DB00391EE4 /* DailyGemApp.app */,
				1EC596BE178943DB00391EE4 /* DailyGemAppTests.octest */,
			);
			name = Products;
			sourceTree = "<group>";
		};
		1EC5968F178943DB00391EE4 /* Frameworks */ = {
			isa = PBXGroup;
			children = (
				1EC59690178943DB00391EE4 /* UIKit.framework */,
				1EC59692178943DB00391EE4 /* Foundation.framework */,
				1EC59694178943DB00391EE4 /* CoreGraphics.framework */,
				1EC596BF178943DB00391EE4 /* SenTestingKit.framework */,
				562DE6FEE4F3408888F6A56D /* libPods.a */,
			);
			name = Frameworks;
			sourceTree = "<group>";
		};
		1EC59696178943DB00391EE4 /* DailyGemApp */ = {
			isa = PBXGroup;
			children = (
				1E6C83611789645200F9D4C5 /* Model */,
				1EC5969F178943DB00391EE4 /* DGAppDelegate.h */,
				1EC596A0178943DB00391EE4 /* DGAppDelegate.m */,
				1EC596A8178943DB00391EE4 /* MainStoryboard.storyboard */,
				1EC596AB178943DB00391EE4 /* DGFirstViewController.h */,
				1EC596AC178943DB00391EE4 /* DGFirstViewController.m */,
				1EC596AE178943DB00391EE4 /* first.png */,
				1EC596B0178943DB00391EE4 /* first@2x.png */,
				1EC596B2178943DB00391EE4 /* DGSecondViewController.h */,
				1EC596B3178943DB00391EE4 /* DGSecondViewController.m */,
				1EC596B5178943DB00391EE4 /* second.png */,
				1EC596B7178943DB00391EE4 /* second@2x.png */,
				1EC59697178943DB00391EE4 /* Supporting Files */,
			);
			path = DailyGemApp;
			sourceTree = "<group>";
		};
		1EC59697178943DB00391EE4 /* Supporting Files */ = {
			isa = PBXGroup;
			children = (
				1EC59698178943DB00391EE4 /* DailyGemApp-Info.plist */,
				1EC59699178943DB00391EE4 /* InfoPlist.strings */,
				1EC5969C178943DB00391EE4 /* main.m */,
				1EC5969E178943DB00391EE4 /* DailyGemApp-Prefix.pch */,
				1EC596A2178943DB00391EE4 /* Default.png */,
				1EC596A4178943DB00391EE4 /* Default@2x.png */,
				1EC596A6178943DB00391EE4 /* Default-568h@2x.png */,
			);
			name = "Supporting Files";
			sourceTree = "<group>";
		};
		1EC596C5178943DB00391EE4 /* DailyGemAppTests */ = {
			isa = PBXGroup;
			children = (
				1EC596CB178943DB00391EE4 /* DailyGemAppTests.h */,
				1EC596CC178943DB00391EE4 /* DailyGemAppTests.m */,
				1EC596C6178943DB00391EE4 /* Supporting Files */,
			);
			path = DailyGemAppTests;
			sourceTree = "<group>";
		};
		1EC596C6178943DB00391EE4 /* Supporting Files */ = {
			isa = PBXGroup;
			children = (
				1EC596C7178943DB00391EE4 /* DailyGemAppTests-Info.plist */,
				1EC596C8178943DB00391EE4 /* InfoPlist.strings */,
			);
			name = "Supporting Files";
			sourceTree = "<group>";
		};
/* End PBXGroup section */

/* Begin PBXNativeTarget section */
		1EC5968C178943DB00391EE4 /* DailyGemApp */ = {
			isa = PBXNativeTarget;
			buildConfigurationList = 1EC596D0178943DB00391EE4 /* Build configuration list for PBXNativeTarget "DailyGemApp" */;
			buildPhases = (
				7654A794F60C48ABBCD3588E /* Check Pods Manifest.lock */,
				1EC59689178943DB00391EE4 /* Sources */,
				1EC5968A178943DB00391EE4 /* Frameworks */,
				1EC5968B178943DB00391EE4 /* Resources */,
				53E72001F29543B2B10C32C5 /* Copy Pods Resources */,
			);
			buildRules = (
			);
			dependencies = (
			);
			name = DailyGemApp;
			productName = DailyGemApp;
			productReference = 1EC5968D178943DB00391EE4 /* DailyGemApp.app */;
			productType = "com.apple.product-type.application";
		};
		1EC596BD178943DB00391EE4 /* DailyGemAppTests */ = {
			isa = PBXNativeTarget;
			buildConfigurationList = 1EC596D3178943DB00391EE4 /* Build configuration list for PBXNativeTarget "DailyGemAppTests" */;
			buildPhases = (
				1EC596B9178943DB00391EE4 /* Sources */,
				1EC596BA178943DB00391EE4 /* Frameworks */,
				1EC596BB178943DB00391EE4 /* Resources */,
				1EC596BC178943DB00391EE4 /* ShellScript */,
			);
			buildRules = (
			);
			dependencies = (
				1EC596C4178943DB00391EE4 /* PBXTargetDependency */,
			);
			name = DailyGemAppTests;
			productName = DailyGemAppTests;
			productReference = 1EC596BE178943DB00391EE4 /* DailyGemAppTests.octest */;
			productType = "com.apple.product-type.bundle";
		};
/* End PBXNativeTarget section */

/* Begin PBXProject section */
		1EC59685178943DB00391EE4 /* Project object */ = {
			isa = PBXProject;
			attributes = {
				CLASSPREFIX = DG;
				LastUpgradeCheck = 0460;
				ORGANIZATIONNAME = DailyGem;
			};
			buildConfigurationList = 1EC59688178943DB00391EE4 /* Build configuration list for PBXProject "DailyGemApp" */;
			compatibilityVersion = "Xcode 3.2";
			developmentRegion = English;
			hasScannedForEncodings = 0;
			knownRegions = (
				en,
			);
			mainGroup = 1EC59684178943DB00391EE4;
			productRefGroup = 1EC5968E178943DB00391EE4 /* Products */;
			projectDirPath = "";
			projectRoot = "";
			targets = (
				1EC5968C178943DB00391EE4 /* DailyGemApp */,
				1EC596BD178943DB00391EE4 /* DailyGemAppTests */,
			);
		};
/* End PBXProject section */

/* Begin PBXResourcesBuildPhase section */
		1EC5968B178943DB00391EE4 /* Resources */ = {
			isa = PBXResourcesBuildPhase;
			buildActionMask = 2147483647;
			files = (
				1EC5969B178943DB00391EE4 /* InfoPlist.strings in Resources */,
				1EC596A3178943DB00391EE4 /* Default.png in Resources */,
				1EC596A5178943DB00391EE4 /* Default@2x.png in Resources */,
				1EC596A7178943DB00391EE4 /* Default-568h@2x.png in Resources */,
				1EC596AA178943DB00391EE4 /* MainStoryboard.storyboard in Resources */,
				1EC596AF178943DB00391EE4 /* first.png in Resources */,
				1EC596B1178943DB00391EE4 /* first@2x.png in Resources */,
				1EC596B6178943DB00391EE4 /* second.png in Resources */,
				1EC596B8178943DB00391EE4 /* second@2x.png in Resources */,
			);
			runOnlyForDeploymentPostprocessing = 0;
		};
		1EC596BB178943DB00391EE4 /* Resources */ = {
			isa = PBXResourcesBuildPhase;
			buildActionMask = 2147483647;
			files = (
				1EC596CA178943DB00391EE4 /* InfoPlist.strings in Resources */,
			);
			runOnlyForDeploymentPostprocessing = 0;
		};
/* End PBXResourcesBuildPhase section */

/* Begin PBXShellScriptBuildPhase section */
		1EC596BC178943DB00391EE4 /* ShellScript */ = {
			isa = PBXShellScriptBuildPhase;
			buildActionMask = 2147483647;
			files = (
			);
			inputPaths = (
			);
			outputPaths = (
			);
			runOnlyForDeploymentPostprocessing = 0;
			shellPath = /bin/sh;
			shellScript = "# Run the unit tests in this test bundle.\n\"${SYSTEM_DEVELOPER_DIR}/Tools/RunUnitTests\"\n";
		};
		53E72001F29543B2B10C32C5 /* Copy Pods Resources */ = {
			isa = PBXShellScriptBuildPhase;
			buildActionMask = 2147483647;
			files = (
			);
			inputPaths = (
			);
			name = "Copy Pods Resources";
			outputPaths = (
			);
			runOnlyForDeploymentPostprocessing = 0;
			shellPath = /bin/sh;
			shellScript = "\"${SRCROOT}/Pods/Pods-resources.sh\"\n";
			showEnvVarsInLog = 0;
		};
		7654A794F60C48ABBCD3588E /* Check Pods Manifest.lock */ = {
			isa = PBXShellScriptBuildPhase;
			buildActionMask = 2147483647;
			files = (
			);
			inputPaths = (
			);
			name = "Check Pods Manifest.lock";
			outputPaths = (
			);
			runOnlyForDeploymentPostprocessing = 0;
			shellPath = /bin/sh;
			shellScript = "diff \"${PODS_ROOT}/../Podfile.lock\" \"${PODS_ROOT}/Manifest.lock\" > /dev/null\nif [[ $? != 0 ]] ; then\n    cat << EOM\nerror: The sandbox is not in sync with the Podfile.lock. Run 'pod install' or update your CocoaPods installation.\nEOM\n    exit 1\nfi\n";
			showEnvVarsInLog = 0;
		};
/* End PBXShellScriptBuildPhase section */

/* Begin PBXSourcesBuildPhase section */
		1EC59689178943DB00391EE4 /* Sources */ = {
			isa = PBXSourcesBuildPhase;
			buildActionMask = 2147483647;
			files = (
				1EC5969D178943DB00391EE4 /* main.m in Sources */,
				1EC596A1178943DB00391EE4 /* DGAppDelegate.m in Sources */,
				1EC596AD178943DB00391EE4 /* DGFirstViewController.m in Sources */,
				1EC596B4178943DB00391EE4 /* DGSecondViewController.m in Sources */,
				1E6C83511789590B00F9D4C5 /* DailyGem.xcdatamodeld in Sources */,
				1E6C838417896C1F00F9D4C5 /* DGRestKit.m in Sources */,
				1EEB903D178977200075DAC8 /* DGItem.m in Sources */,
				1EEB9043178977200075DAC8 /* DGDataObject.m in Sources */,
				1EEB9046178977200075DAC8 /* DGBucket.m in Sources */,
				1EEB90491789785D0075DAC8 /* DGUser+RestKit.m in Sources */,
				1EEB904C17897FB00075DAC8 /* DGAuction+RestKit.m in Sources */,
				1EEB904F17897FE70075DAC8 /* DGBucket+RestKit.m in Sources */,
				1EEB90521789800B0075DAC8 /* DGDataObject+RestKit.m in Sources */,
				1EEB9055178980170075DAC8 /* DGItem+RestKit.m in Sources */,
				1EEB905A178999010075DAC8 /* DGAuction.m in Sources */,
				1EEB9060178999010075DAC8 /* DGUser.m in Sources */,
				1EEB9063178999430075DAC8 /* DGBid+RestKit.m in Sources */,
				1EEB906617899A6D0075DAC8 /* DGBid.m in Sources */,
			);
			runOnlyForDeploymentPostprocessing = 0;
		};
		1EC596B9178943DB00391EE4 /* Sources */ = {
			isa = PBXSourcesBuildPhase;
			buildActionMask = 2147483647;
			files = (
				1EC596CD178943DB00391EE4 /* DailyGemAppTests.m in Sources */,
			);
			runOnlyForDeploymentPostprocessing = 0;
		};
/* End PBXSourcesBuildPhase section */

/* Begin PBXTargetDependency section */
		1EC596C4178943DB00391EE4 /* PBXTargetDependency */ = {
			isa = PBXTargetDependency;
			target = 1EC5968C178943DB00391EE4 /* DailyGemApp */;
			targetProxy = 1EC596C3178943DB00391EE4 /* PBXContainerItemProxy */;
		};
/* End PBXTargetDependency section */

/* Begin PBXVariantGroup section */
		1EC59699178943DB00391EE4 /* InfoPlist.strings */ = {
			isa = PBXVariantGroup;
			children = (
				1EC5969A178943DB00391EE4 /* en */,
			);
			name = InfoPlist.strings;
			sourceTree = "<group>";
		};
		1EC596A8178943DB00391EE4 /* MainStoryboard.storyboard */ = {
			isa = PBXVariantGroup;
			children = (
				1EC596A9178943DB00391EE4 /* en */,
			);
			name = MainStoryboard.storyboard;
			sourceTree = "<group>";
		};
		1EC596C8178943DB00391EE4 /* InfoPlist.strings */ = {
			isa = PBXVariantGroup;
			children = (
				1EC596C9178943DB00391EE4 /* en */,
			);
			name = InfoPlist.strings;
			sourceTree = "<group>";
		};
/* End PBXVariantGroup section */

/* Begin XCBuildConfiguration section */
		1EC596CE178943DB00391EE4 /* Debug */ = {
			isa = XCBuildConfiguration;
			buildSettings = {
				ALWAYS_SEARCH_USER_PATHS = NO;
				CLANG_CXX_LANGUAGE_STANDARD = "gnu++0x";
				CLANG_CXX_LIBRARY = "libc++";
				CLANG_ENABLE_OBJC_ARC = YES;
				CLANG_WARN_CONSTANT_CONVERSION = YES;
				CLANG_WARN_EMPTY_BODY = YES;
				CLANG_WARN_ENUM_CONVERSION = YES;
				CLANG_WARN_INT_CONVERSION = YES;
				CLANG_WARN__DUPLICATE_METHOD_MATCH = YES;
				"CODE_SIGN_IDENTITY[sdk=iphoneos*]" = "iPhone Developer";
				COPY_PHASE_STRIP = NO;
				GCC_C_LANGUAGE_STANDARD = gnu99;
				GCC_DYNAMIC_NO_PIC = NO;
				GCC_OPTIMIZATION_LEVEL = 0;
				GCC_PREPROCESSOR_DEFINITIONS = (
					"DEBUG=1",
					"$(inherited)",
				);
				GCC_SYMBOLS_PRIVATE_EXTERN = NO;
				GCC_WARN_ABOUT_RETURN_TYPE = YES;
				GCC_WARN_UNINITIALIZED_AUTOS = YES;
				GCC_WARN_UNUSED_VARIABLE = YES;
				IPHONEOS_DEPLOYMENT_TARGET = 6.0;
				ONLY_ACTIVE_ARCH = YES;
				SDKROOT = iphoneos;
			};
			name = Debug;
		};
		1EC596CF178943DB00391EE4 /* Release */ = {
			isa = XCBuildConfiguration;
			buildSettings = {
				ALWAYS_SEARCH_USER_PATHS = NO;
				CLANG_CXX_LANGUAGE_STANDARD = "gnu++0x";
				CLANG_CXX_LIBRARY = "libc++";
				CLANG_ENABLE_OBJC_ARC = YES;
				CLANG_WARN_CONSTANT_CONVERSION = YES;
				CLANG_WARN_EMPTY_BODY = YES;
				CLANG_WARN_ENUM_CONVERSION = YES;
				CLANG_WARN_INT_CONVERSION = YES;
				CLANG_WARN__DUPLICATE_METHOD_MATCH = YES;
				"CODE_SIGN_IDENTITY[sdk=iphoneos*]" = "iPhone Developer";
				COPY_PHASE_STRIP = YES;
				GCC_C_LANGUAGE_STANDARD = gnu99;
				GCC_WARN_ABOUT_RETURN_TYPE = YES;
				GCC_WARN_UNINITIALIZED_AUTOS = YES;
				GCC_WARN_UNUSED_VARIABLE = YES;
				IPHONEOS_DEPLOYMENT_TARGET = 6.0;
				OTHER_CFLAGS = "-DNS_BLOCK_ASSERTIONS=1";
				SDKROOT = iphoneos;
				VALIDATE_PRODUCT = YES;
			};
			name = Release;
		};
		1EC596D1178943DB00391EE4 /* Debug */ = {
			isa = XCBuildConfiguration;
			baseConfigurationReference = 2B8D1BC33BCF4013A8410915 /* Pods/Pods.xcconfig */;
			buildSettings = {
				GCC_PRECOMPILE_PREFIX_HEADER = YES;
				GCC_PREFIX_HEADER = "DailyGemApp/DailyGemApp-Prefix.pch";
				INFOPLIST_FILE = "DailyGemApp/DailyGemApp-Info.plist";
				PRODUCT_NAME = "$(TARGET_NAME)";
				WRAPPER_EXTENSION = app;
			};
			name = Debug;
		};
		1EC596D2178943DB00391EE4 /* Release */ = {
			isa = XCBuildConfiguration;
			baseConfigurationReference = 2B8D1BC33BCF4013A8410915 /* Pods/Pods.xcconfig */;
			buildSettings = {
				GCC_PRECOMPILE_PREFIX_HEADER = YES;
				GCC_PREFIX_HEADER = "DailyGemApp/DailyGemApp-Prefix.pch";
				INFOPLIST_FILE = "DailyGemApp/DailyGemApp-Info.plist";
				PRODUCT_NAME = "$(TARGET_NAME)";
				WRAPPER_EXTENSION = app;
			};
			name = Release;
		};
		1EC596D4178943DB00391EE4 /* Debug */ = {
			isa = XCBuildConfiguration;
			buildSettings = {
				BUNDLE_LOADER = "$(BUILT_PRODUCTS_DIR)/DailyGemApp.app/DailyGemApp";
				FRAMEWORK_SEARCH_PATHS = (
					"\"$(SDKROOT)/Developer/Library/Frameworks\"",
					"\"$(DEVELOPER_LIBRARY_DIR)/Frameworks\"",
				);
				GCC_PRECOMPILE_PREFIX_HEADER = YES;
				GCC_PREFIX_HEADER = "DailyGemApp/DailyGemApp-Prefix.pch";
				INFOPLIST_FILE = "DailyGemAppTests/DailyGemAppTests-Info.plist";
				PRODUCT_NAME = "$(TARGET_NAME)";
				TEST_HOST = "$(BUNDLE_LOADER)";
				WRAPPER_EXTENSION = octest;
			};
			name = Debug;
		};
		1EC596D5178943DB00391EE4 /* Release */ = {
			isa = XCBuildConfiguration;
			buildSettings = {
				BUNDLE_LOADER = "$(BUILT_PRODUCTS_DIR)/DailyGemApp.app/DailyGemApp";
				FRAMEWORK_SEARCH_PATHS = (
					"\"$(SDKROOT)/Developer/Library/Frameworks\"",
					"\"$(DEVELOPER_LIBRARY_DIR)/Frameworks\"",
				);
				GCC_PRECOMPILE_PREFIX_HEADER = YES;
				GCC_PREFIX_HEADER = "DailyGemApp/DailyGemApp-Prefix.pch";
				INFOPLIST_FILE = "DailyGemAppTests/DailyGemAppTests-Info.plist";
				PRODUCT_NAME = "$(TARGET_NAME)";
				TEST_HOST = "$(BUNDLE_LOADER)";
				WRAPPER_EXTENSION = octest;
			};
			name = Release;
		};
/* End XCBuildConfiguration section */

/* Begin XCConfigurationList section */
		1EC59688178943DB00391EE4 /* Build configuration list for PBXProject "DailyGemApp" */ = {
			isa = XCConfigurationList;
			buildConfigurations = (
				1EC596CE178943DB00391EE4 /* Debug */,
				1EC596CF178943DB00391EE4 /* Release */,
			);
			defaultConfigurationIsVisible = 0;
			defaultConfigurationName = Release;
		};
		1EC596D0178943DB00391EE4 /* Build configuration list for PBXNativeTarget "DailyGemApp" */ = {
			isa = XCConfigurationList;
			buildConfigurations = (
				1EC596D1178943DB00391EE4 /* Debug */,
				1EC596D2178943DB00391EE4 /* Release */,
			);
			defaultConfigurationIsVisible = 0;
			defaultConfigurationName = Release;
		};
		1EC596D3178943DB00391EE4 /* Build configuration list for PBXNativeTarget "DailyGemAppTests" */ = {
			isa = XCConfigurationList;
			buildConfigurations = (
				1EC596D4178943DB00391EE4 /* Debug */,
				1EC596D5178943DB00391EE4 /* Release */,
			);
			defaultConfigurationIsVisible = 0;
			defaultConfigurationName = Release;
		};
/* End XCConfigurationList section */

/* Begin XCVersionGroup section */
		1E6C834F1789590B00F9D4C5 /* DailyGem.xcdatamodeld */ = {
			isa = XCVersionGroup;
			children = (
				1E6C83501789590B00F9D4C5 /* DailyGem.xcdatamodel */,
			);
			currentVersion = 1E6C83501789590B00F9D4C5 /* DailyGem.xcdatamodel */;
			path = DailyGem.xcdatamodeld;
			sourceTree = "<group>";
			versionGroupType = wrapper.xcdatamodel;
		};
/* End XCVersionGroup section */
	};
	rootObject = 1EC59685178943DB00391EE4 /* Project object */;
}
